
Microsoft Visual Studio Solution File, Format Version 12.00
# Visual Studio 14
VisualStudioVersion = 14.0.25123.0
MinimumVisualStudioVersion = 10.0.40219.1
Project("{FAE04EC0-301F-11D3-BF4B-00C04F79EFBC}") = "ReflectionConsoleApplication", "ReflectionConsoleApplication\ReflectionConsoleApplication.csproj", "{347F1D5A-936D-4734-8F0B-3F0F34EAA2CA}"
EndProject
Global
	GlobalSection(SolutionConfigurationPlatforms) = preSolution
		Debug|Any CPU = Debug|Any CPU
		Release|Any CPU = Release|Any CPU
	EndGlobalSection
	GlobalSection(ProjectConfigurationPlatforms) = postSolution
		{347F1D5A-936D-4734-8F0B-3F0F34EAA2CA}.Debug|Any CPU.ActiveCfg = Debug|Any CPU
		{347F1D5A-936D-4734-8F0B-3F0F34EAA2CA}.Debug|Any CPU.Build.0 = Debug|Any CPU
		{347F1D5A-936D-4734-8F0B-3F0F34EAA2CA}.Release|Any CPU.ActiveCfg = Release|Any CPU
		{347F1D5A-936D-4734-8F0B-3F0F34EAA2CA}.Release|Any CPU.Build.0 = Release|Any CPU
	EndGlobalSection
	GlobalSection(SolutionProperties) = preSolution
		HideSolutionNode = FALSE
	EndGlobalSection
EndGlobal
